
Microsoft Visual Studio Solution File, Format Version 12.00
# Visual Studio Version 16
VisualStudioVersion = 16.0.31205.134
MinimumVisualStudioVersion = 10.0.40219.1
Project("{9A19103F-16F7-4668-BE54-9A1E7A4F7556}") = "MediaLibrary", "MediaLibrary\MediaLibrary.csproj", "{FC3C0FE4-7E7F-451B-9E3B-27E7372600CE}"
EndProject
Project("{9A19103F-16F7-4668-BE54-9A1E7A4F7556}") = "SpotifyLibrary", "SpotifyLibrary\SpotifyLibrary.csproj", "{A8B9294C-F4E4-4B2D-B54F-AEC369CD162E}"
EndProject
Project("{9A19103F-16F7-4668-BE54-9A1E7A4F7556}") = "SpotifyLibrary.Tests", "SpotifyLibrary.Tests\SpotifyLibrary.Tests.csproj", "{8B1AE2B7-AB5A-4E3A-B51C-86A92FED5235}"
EndProject
Project("{9A19103F-16F7-4668-BE54-9A1E7A4F7556}") = "SpotifyLibrary.Protobufs", "SpotifyLibrary.Protobufs\SpotifyLibrary.Protobufs.csproj", "{324DA389-953C-4BC5-83DE-B4846C51BF29}"
EndProject
Project("{2150E333-8FDC-42A3-9474-1A3956D46DE8}") = "Shared", "Shared", "{92107E3C-B3F2-4EF7-9655-2578DBE2D543}"
EndProject
Project("{2150E333-8FDC-42A3-9474-1A3956D46DE8}") = "Spotify", "Spotify", "{67A45332-6417-4E80-8D01-34D3A92FC8D8}"
EndProject
Project("{2150E333-8FDC-42A3-9474-1A3956D46DE8}") = "Tests", "Tests", "{181FE8F8-8C9A-4235-8B01-E7CC93ADBF6B}"
EndProject
Project("{2150E333-8FDC-42A3-9474-1A3956D46DE8}") = "UI", "UI", "{3E5E4665-DB61-49B5-8C75-623767DDF76F}"
EndProject
Project("{FAE04EC0-301F-11D3-BF4B-00C04F79EFBC}") = "Ongaku", "..\Spotify.App\Ongaku\Ongaku.csproj", "{6F93CD78-3C9E-414B-A2AC-416BAEEC4A7E}"
EndProject
Project("{FAE04EC0-301F-11D3-BF4B-00C04F79EFBC}") = "Ongaku.Core", "..\Spotify.App\Ongaku.Core\Ongaku.Core.csproj", "{70DD6ED0-30E4-4671-A3E5-C5E32145FA9B}"
EndProject
Project("{FAE04EC0-301F-11D3-BF4B-00C04F79EFBC}") = "StandardMediaPlayer.Test", "StandardMediaPlayer.Test\StandardMediaPlayer.Test.csproj", "{D0809246-A392-485F-8CFA-E94A381C28E2}"
EndProject
Project("{FAE04EC0-301F-11D3-BF4B-00C04F79EFBC}") = "ConsoleApp1", "..\..\ConsoleApp1\ConsoleApp1.csproj", "{403851FE-F8D3-46E8-8BD8-AB0DEE871F06}"
EndProject
Global
	GlobalSection(SolutionConfigurationPlatforms) = preSolution
		Debug|Any CPU = Debug|Any CPU
		Debug|ARM = Debug|ARM
		Debug|ARM64 = Debug|ARM64
		Debug|x64 = Debug|x64
		Debug|x86 = Debug|x86
		Release|Any CPU = Release|Any CPU
		Release|ARM = Release|ARM
		Release|ARM64 = Release|ARM64
		Release|x64 = Release|x64
		Release|x86 = Release|x86
	EndGlobalSection
	GlobalSection(ProjectConfigurationPlatforms) = postSolution
		{FC3C0FE4-7E7F-451B-9E3B-27E7372600CE}.Debug|Any CPU.ActiveCfg = Debug|Any CPU
		{FC3C0FE4-7E7F-451B-9E3B-27E7372600CE}.Debug|Any CPU.Build.0 = Debug|Any CPU
		{FC3C0FE4-7E7F-451B-9E3B-27E7372600CE}.Debug|ARM.ActiveCfg = Debug|Any CPU
		{FC3C0FE4-7E7F-451B-9E3B-27E7372600CE}.Debug|ARM.Build.0 = Debug|Any CPU
		{FC3C0FE4-7E7F-451B-9E3B-27E7372600CE}.Debug|ARM64.ActiveCfg = Debug|Any CPU
		{FC3C0FE4-7E7F-451B-9E3B-27E7372600CE}.Debug|ARM64.Build.0 = Debug|Any CPU
		{FC3C0FE4-7E7F-451B-9E3B-27E7372600CE}.Debug|x64.ActiveCfg = Debug|Any CPU
		{FC3C0FE4-7E7F-451B-9E3B-27E7372600CE}.Debug|x64.Build.0 = Debug|Any CPU
		{FC3C0FE4-7E7F-451B-9E3B-27E7372600CE}.Debug|x86.ActiveCfg = Debug|Any CPU
		{FC3C0FE4-7E7F-451B-9E3B-27E7372600CE}.Debug|x86.Build.0 = Debug|Any CPU
		{FC3C0FE4-7E7F-451B-9E3B-27E7372600CE}.Release|Any CPU.ActiveCfg = Release|Any CPU
		{FC3C0FE4-7E7F-451B-9E3B-27E7372600CE}.Release|Any CPU.Build.0 = Release|Any CPU
		{FC3C0FE4-7E7F-451B-9E3B-27E7372600CE}.Release|ARM.ActiveCfg = Release|Any CPU
		{FC3C0FE4-7E7F-451B-9E3B-27E7372600CE}.Release|ARM.Build.0 = Release|Any CPU
		{FC3C0FE4-7E7F-451B-9E3B-27E7372600CE}.Release|ARM64.ActiveCfg = Release|Any CPU
		{FC3C0FE4-7E7F-451B-9E3B-27E7372600CE}.Release|ARM64.Build.0 = Release|Any CPU
		{FC3C0FE4-7E7F-451B-9E3B-27E7372600CE}.Release|x64.ActiveCfg = Release|Any CPU
		{FC3C0FE4-7E7F-451B-9E3B-27E7372600CE}.Release|x64.Build.0 = Release|Any CPU
		{FC3C0FE4-7E7F-451B-9E3B-27E7372600CE}.Release|x86.ActiveCfg = Release|Any CPU
		{FC3C0FE4-7E7F-451B-9E3B-27E7372600CE}.Release|x86.Build.0 = Release|Any CPU
		{A8B9294C-F4E4-4B2D-B54F-AEC369CD162E}.Debug|Any CPU.ActiveCfg = Debug|Any CPU
		{A8B9294C-F4E4-4B2D-B54F-AEC369CD162E}.Debug|Any CPU.Build.0 = Debug|Any CPU
		{A8B9294C-F4E4-4B2D-B54F-AEC369CD162E}.Debug|ARM.ActiveCfg = Debug|Any CPU
		{A8B9294C-F4E4-4B2D-B54F-AEC369CD162E}.Debug|ARM.Build.0 = Debug|Any CPU
		{A8B9294C-F4E4-4B2D-B54F-AEC369CD162E}.Debug|ARM64.ActiveCfg = Debug|Any CPU
		{A8B9294C-F4E4-4B2D-B54F-AEC369CD162E}.Debug|ARM64.Build.0 = Debug|Any CPU
		{A8B9294C-F4E4-4B2D-B54F-AEC369CD162E}.Debug|x64.ActiveCfg = Debug|Any CPU
		{A8B9294C-F4E4-4B2D-B54F-AEC369CD162E}.Debug|x64.Build.0 = Debug|Any CPU
		{A8B9294C-F4E4-4B2D-B54F-AEC369CD162E}.Debug|x86.ActiveCfg = Debug|Any CPU
		{A8B9294C-F4E4-4B2D-B54F-AEC369CD162E}.Debug|x86.Build.0 = Debug|Any CPU
		{A8B9294C-F4E4-4B2D-B54F-AEC369CD162E}.Release|Any CPU.ActiveCfg = Release|Any CPU
		{A8B9294C-F4E4-4B2D-B54F-AEC369CD162E}.Release|Any CPU.Build.0 = Release|Any CPU
		{A8B9294C-F4E4-4B2D-B54F-AEC369CD162E}.Release|ARM.ActiveCfg = Release|Any CPU
		{A8B9294C-F4E4-4B2D-B54F-AEC369CD162E}.Release|ARM.Build.0 = Release|Any CPU
		{A8B9294C-F4E4-4B2D-B54F-AEC369CD162E}.Release|ARM64.ActiveCfg = Release|Any CPU
		{A8B9294C-F4E4-4B2D-B54F-AEC369CD162E}.Release|ARM64.Build.0 = Release|Any CPU
		{A8B9294C-F4E4-4B2D-B54F-AEC369CD162E}.Release|x64.ActiveCfg = Release|Any CPU
		{A8B9294C-F4E4-4B2D-B54F-AEC369CD162E}.Release|x64.Build.0 = Release|Any CPU
		{A8B9294C-F4E4-4B2D-B54F-AEC369CD162E}.Release|x86.ActiveCfg = Release|Any CPU
		{A8B9294C-F4E4-4B2D-B54F-AEC369CD162E}.Release|x86.Build.0 = Release|Any CPU
		{8B1AE2B7-AB5A-4E3A-B51C-86A92FED5235}.Debug|Any CPU.ActiveCfg = Debug|Any CPU
		{8B1AE2B7-AB5A-4E3A-B51C-86A92FED5235}.Debug|Any CPU.Build.0 = Debug|Any CPU
		{8B1AE2B7-AB5A-4E3A-B51C-86A92FED5235}.Debug|ARM.ActiveCfg = Debug|Any CPU
		{8B1AE2B7-AB5A-4E3A-B51C-86A92FED5235}.Debug|ARM.Build.0 = Debug|Any CPU
		{8B1AE2B7-AB5A-4E3A-B51C-86A92FED5235}.Debug|ARM64.ActiveCfg = Debug|Any CPU
		{8B1AE2B7-AB5A-4E3A-B51C-86A92FED5235}.Debug|ARM64.Build.0 = Debug|Any CPU
		{8B1AE2B7-AB5A-4E3A-B51C-86A92FED5235}.Debug|x64.ActiveCfg = Debug|Any CPU
		{8B1AE2B7-AB5A-4E3A-B51C-86A92FED5235}.Debug|x64.Build.0 = Debug|Any CPU
		{8B1AE2B7-AB5A-4E3A-B51C-86A92FED5235}.Debug|x86.ActiveCfg = Debug|Any CPU
		{8B1AE2B7-AB5A-4E3A-B51C-86A92FED5235}.Debug|x86.Build.0 = Debug|Any CPU
		{8B1AE2B7-AB5A-4E3A-B51C-86A92FED5235}.Release|Any CPU.ActiveCfg = Release|Any CPU
		{8B1AE2B7-AB5A-4E3A-B51C-86A92FED5235}.Release|Any CPU.Build.0 = Release|Any CPU
		{8B1AE2B7-AB5A-4E3A-B51C-86A92FED5235}.Release|ARM.ActiveCfg = Release|Any CPU
		{8B1AE2B7-AB5A-4E3A-B51C-86A92FED5235}.Release|ARM.Build.0 = Release|Any CPU
		{8B1AE2B7-AB5A-4E3A-B51C-86A92FED5235}.Release|ARM64.ActiveCfg = Release|Any CPU
		{8B1AE2B7-AB5A-4E3A-B51C-86A92FED5235}.Release|ARM64.Build.0 = Release|Any CPU
		{8B1AE2B7-AB5A-4E3A-B51C-86A92FED5235}.Release|x64.ActiveCfg = Release|Any CPU
		{8B1AE2B7-AB5A-4E3A-B51C-86A92FED5235}.Release|x64.Build.0 = Release|Any CPU
		{8B1AE2B7-AB5A-4E3A-B51C-86A92FED5235}.Release|x86.ActiveCfg = Release|Any CPU
		{8B1AE2B7-AB5A-4E3A-B51C-86A92FED5235}.Release|x86.Build.0 = Release|Any CPU
		{324DA389-953C-4BC5-83DE-B4846C51BF29}.Debug|Any CPU.ActiveCfg = Debug|Any CPU
		{324DA389-953C-4BC5-83DE-B4846C51BF29}.Debug|Any CPU.Build.0 = Debug|Any CPU
		{324DA389-953C-4BC5-83DE-B4846C51BF29}.Debug|ARM.ActiveCfg = Debug|Any CPU
		{324DA389-953C-4BC5-83DE-B4846C51BF29}.Debug|ARM.Build.0 = Debug|Any CPU
		{324DA389-953C-4BC5-83DE-B4846C51BF29}.Debug|ARM64.ActiveCfg = Debug|Any CPU
		{324DA389-953C-4BC5-83DE-B4846C51BF29}.Debug|ARM64.Build.0 = Debug|Any CPU
		{324DA389-953C-4BC5-83DE-B4846C51BF29}.Debug|x64.ActiveCfg = Debug|Any CPU
		{324DA389-953C-4BC5-83DE-B4846C51BF29}.Debug|x64.Build.0 = Debug|Any CPU
		{324DA389-953C-4BC5-83DE-B4846C51BF29}.Debug|x86.ActiveCfg = Debug|Any CPU
		{324DA389-953C-4BC5-83DE-B4846C51BF29}.Debug|x86.Build.0 = Debug|Any CPU
		{324DA389-953C-4BC5-83DE-B4846C51BF29}.Release|Any CPU.ActiveCfg = Release|Any CPU
		{324DA389-953C-4BC5-83DE-B4846C51BF29}.Release|Any CPU.Build.0 = Release|Any CPU
		{324DA389-953C-4BC5-83DE-B4846C51BF29}.Release|ARM.ActiveCfg = Release|Any CPU
		{324DA389-953C-4BC5-83DE-B4846C51BF29}.Release|ARM.Build.0 = Release|Any CPU
		{324DA389-953C-4BC5-83DE-B4846C51BF29}.Release|ARM64.ActiveCfg = Release|Any CPU
		{324DA389-953C-4BC5-83DE-B4846C51BF29}.Release|ARM64.Build.0 = Release|Any CPU
		{324DA389-953C-4BC5-83DE-B4846C51BF29}.Release|x64.ActiveCfg = Release|Any CPU
		{324DA389-953C-4BC5-83DE-B4846C51BF29}.Release|x64.Build.0 = Release|Any CPU
		{324DA389-953C-4BC5-83DE-B4846C51BF29}.Release|x86.ActiveCfg = Release|Any CPU
		{324DA389-953C-4BC5-83DE-B4846C51BF29}.Release|x86.Build.0 = Release|Any CPU
		{6F93CD78-3C9E-414B-A2AC-416BAEEC4A7E}.Debug|Any CPU.ActiveCfg = Debug|x86
		{6F93CD78-3C9E-414B-A2AC-416BAEEC4A7E}.Debug|Any CPU.Build.0 = Debug|x86
		{6F93CD78-3C9E-414B-A2AC-416BAEEC4A7E}.Debug|Any CPU.Deploy.0 = Debug|x86
		{6F93CD78-3C9E-414B-A2AC-416BAEEC4A7E}.Debug|ARM.ActiveCfg = Debug|ARM
		{6F93CD78-3C9E-414B-A2AC-416BAEEC4A7E}.Debug|ARM.Build.0 = Debug|ARM
		{6F93CD78-3C9E-414B-A2AC-416BAEEC4A7E}.Debug|ARM.Deploy.0 = Debug|ARM
		{6F93CD78-3C9E-414B-A2AC-416BAEEC4A7E}.Debug|ARM64.ActiveCfg = Debug|ARM64
		{6F93CD78-3C9E-414B-A2AC-416BAEEC4A7E}.Debug|ARM64.Build.0 = Debug|ARM64
		{6F93CD78-3C9E-414B-A2AC-416BAEEC4A7E}.Debug|ARM64.Deploy.0 = Debug|ARM64
		{6F93CD78-3C9E-414B-A2AC-416BAEEC4A7E}.Debug|x64.ActiveCfg = Debug|x64
		{6F93CD78-3C9E-414B-A2AC-416BAEEC4A7E}.Debug|x64.Build.0 = Debug|x64
		{6F93CD78-3C9E-414B-A2AC-416BAEEC4A7E}.Debug|x64.Deploy.0 = Debug|x64
		{6F93CD78-3C9E-414B-A2AC-416BAEEC4A7E}.Debug|x86.ActiveCfg = Debug|x86
		{6F93CD78-3C9E-414B-A2AC-416BAEEC4A7E}.Debug|x86.Build.0 = Debug|x86
		{6F93CD78-3C9E-414B-A2AC-416BAEEC4A7E}.Debug|x86.Deploy.0 = Debug|x86
		{6F93CD78-3C9E-414B-A2AC-416BAEEC4A7E}.Release|Any CPU.ActiveCfg = Release|x86
		{6F93CD78-3C9E-414B-A2AC-416BAEEC4A7E}.Release|Any CPU.Build.0 = Release|x86
		{6F93CD78-3C9E-414B-A2AC-416BAEEC4A7E}.Release|Any CPU.Deploy.0 = Release|x86
		{6F93CD78-3C9E-414B-A2AC-416BAEEC4A7E}.Release|ARM.ActiveCfg = Release|ARM
		{6F93CD78-3C9E-414B-A2AC-416BAEEC4A7E}.Release|ARM.Build.0 = Release|ARM
		{6F93CD78-3C9E-414B-A2AC-416BAEEC4A7E}.Release|ARM.Deploy.0 = Release|ARM
		{6F93CD78-3C9E-414B-A2AC-416BAEEC4A7E}.Release|ARM64.ActiveCfg = Release|ARM64
		{6F93CD78-3C9E-414B-A2AC-416BAEEC4A7E}.Release|ARM64.Build.0 = Release|ARM64
		{6F93CD78-3C9E-414B-A2AC-416BAEEC4A7E}.Release|ARM64.Deploy.0 = Release|ARM64
		{6F93CD78-3C9E-414B-A2AC-416BAEEC4A7E}.Release|x64.ActiveCfg = Release|x64
		{6F93CD78-3C9E-414B-A2AC-416BAEEC4A7E}.Release|x64.Build.0 = Release|x64
		{6F93CD78-3C9E-414B-A2AC-416BAEEC4A7E}.Release|x64.Deploy.0 = Release|x64
		{6F93CD78-3C9E-414B-A2AC-416BAEEC4A7E}.Release|x86.ActiveCfg = Release|x86
		{6F93CD78-3C9E-414B-A2AC-416BAEEC4A7E}.Release|x86.Build.0 = Release|x86
		{6F93CD78-3C9E-414B-A2AC-416BAEEC4A7E}.Release|x86.Deploy.0 = Release|x86
		{70DD6ED0-30E4-4671-A3E5-C5E32145FA9B}.Debug|Any CPU.ActiveCfg = Debug|Any CPU
		{70DD6ED0-30E4-4671-A3E5-C5E32145FA9B}.Debug|Any CPU.Build.0 = Debug|Any CPU
		{70DD6ED0-30E4-4671-A3E5-C5E32145FA9B}.Debug|ARM.ActiveCfg = Debug|ARM
		{70DD6ED0-30E4-4671-A3E5-C5E32145FA9B}.Debug|ARM.Build.0 = Debug|ARM
		{70DD6ED0-30E4-4671-A3E5-C5E32145FA9B}.Debug|ARM64.ActiveCfg = Debug|ARM64
		{70DD6ED0-30E4-4671-A3E5-C5E32145FA9B}.Debug|ARM64.Build.0 = Debug|ARM64
		{70DD6ED0-30E4-4671-A3E5-C5E32145FA9B}.Debug|x64.ActiveCfg = Debug|x64
		{70DD6ED0-30E4-4671-A3E5-C5E32145FA9B}.Debug|x64.Build.0 = Debug|x64
		{70DD6ED0-30E4-4671-A3E5-C5E32145FA9B}.Debug|x86.ActiveCfg = Debug|x86
		{70DD6ED0-30E4-4671-A3E5-C5E32145FA9B}.Debug|x86.Build.0 = Debug|x86
		{70DD6ED0-30E4-4671-A3E5-C5E32145FA9B}.Release|Any CPU.ActiveCfg = Release|Any CPU
		{70DD6ED0-30E4-4671-A3E5-C5E32145FA9B}.Release|Any CPU.Build.0 = Release|Any CPU
		{70DD6ED0-30E4-4671-A3E5-C5E32145FA9B}.Release|ARM.ActiveCfg = Release|ARM
		{70DD6ED0-30E4-4671-A3E5-C5E32145FA9B}.Release|ARM.Build.0 = Release|ARM
		{70DD6ED0-30E4-4671-A3E5-C5E32145FA9B}.Release|ARM64.ActiveCfg = Release|ARM64
		{70DD6ED0-30E4-4671-A3E5-C5E32145FA9B}.Release|ARM64.Build.0 = Release|ARM64
		{70DD6ED0-30E4-4671-A3E5-C5E32145FA9B}.Release|x64.ActiveCfg = Release|x64
		{70DD6ED0-30E4-4671-A3E5-C5E32145FA9B}.Release|x64.Build.0 = Release|x64
		{70DD6ED0-30E4-4671-A3E5-C5E32145FA9B}.Release|x86.ActiveCfg = Release|x86
		{70DD6ED0-30E4-4671-A3E5-C5E32145FA9B}.Release|x86.Build.0 = Release|x86
		{D0809246-A392-485F-8CFA-E94A381C28E2}.Debug|Any CPU.ActiveCfg = Debug|x86
		{D0809246-A392-485F-8CFA-E94A381C28E2}.Debug|Any CPU.Build.0 = Debug|x86
		{D0809246-A392-485F-8CFA-E94A381C28E2}.Debug|Any CPU.Deploy.0 = Debug|x86
		{D0809246-A392-485F-8CFA-E94A381C28E2}.Debug|ARM.ActiveCfg = Debug|ARM
		{D0809246-A392-485F-8CFA-E94A381C28E2}.Debug|ARM.Build.0 = Debug|ARM
		{D0809246-A392-485F-8CFA-E94A381C28E2}.Debug|ARM.Deploy.0 = Debug|ARM
		{D0809246-A392-485F-8CFA-E94A381C28E2}.Debug|ARM64.ActiveCfg = Debug|ARM64
		{D0809246-A392-485F-8CFA-E94A381C28E2}.Debug|ARM64.Build.0 = Debug|ARM64
		{D0809246-A392-485F-8CFA-E94A381C28E2}.Debug|ARM64.Deploy.0 = Debug|ARM64
		{D0809246-A392-485F-8CFA-E94A381C28E2}.Debug|x64.ActiveCfg = Debug|x64
		{D0809246-A392-485F-8CFA-E94A381C28E2}.Debug|x64.Build.0 = Debug|x64
		{D0809246-A392-485F-8CFA-E94A381C28E2}.Debug|x64.Deploy.0 = Debug|x64
		{D0809246-A392-485F-8CFA-E94A381C28E2}.Debug|x86.ActiveCfg = Debug|x86
		{D0809246-A392-485F-8CFA-E94A381C28E2}.Debug|x86.Build.0 = Debug|x86
		{D0809246-A392-485F-8CFA-E94A381C28E2}.Debug|x86.Deploy.0 = Debug|x86
		{D0809246-A392-485F-8CFA-E94A381C28E2}.Release|Any CPU.ActiveCfg = Release|x86
		{D0809246-A392-485F-8CFA-E94A381C28E2}.Release|ARM.ActiveCfg = Release|ARM
		{D0809246-A392-485F-8CFA-E94A381C28E2}.Release|ARM.Build.0 = Release|ARM
		{D0809246-A392-485F-8CFA-E94A381C28E2}.Release|ARM.Deploy.0 = Release|ARM
		{D0809246-A392-485F-8CFA-E94A381C28E2}.Release|ARM64.ActiveCfg = Release|ARM64
		{D0809246-A392-485F-8CFA-E94A381C28E2}.Release|ARM64.Build.0 = Release|ARM64
		{D0809246-A392-485F-8CFA-E94A381C28E2}.Release|ARM64.Deploy.0 = Release|ARM64
		{D0809246-A392-485F-8CFA-E94A381C28E2}.Release|x64.ActiveCfg = Release|x64
		{D0809246-A392-485F-8CFA-E94A381C28E2}.Release|x64.Build.0 = Release|x64
		{D0809246-A392-485F-8CFA-E94A381C28E2}.Release|x64.Deploy.0 = Release|x64
		{D0809246-A392-485F-8CFA-E94A381C28E2}.Release|x86.ActiveCfg = Release|x86
		{D0809246-A392-485F-8CFA-E94A381C28E2}.Release|x86.Build.0 = Release|x86
		{D0809246-A392-485F-8CFA-E94A381C28E2}.Release|x86.Deploy.0 = Release|x86
		{403851FE-F8D3-46E8-8BD8-AB0DEE871F06}.Debug|Any CPU.ActiveCfg = Debug|Any CPU
		{403851FE-F8D3-46E8-8BD8-AB0DEE871F06}.Debug|Any CPU.Build.0 = Debug|Any CPU
		{403851FE-F8D3-46E8-8BD8-AB0DEE871F06}.Debug|ARM.ActiveCfg = Debug|Any CPU
		{403851FE-F8D3-46E8-8BD8-AB0DEE871F06}.Debug|ARM.Build.0 = Debug|Any CPU
		{403851FE-F8D3-46E8-8BD8-AB0DEE871F06}.Debug|ARM64.ActiveCfg = Debug|Any CPU
		{403851FE-F8D3-46E8-8BD8-AB0DEE871F06}.Debug|ARM64.Build.0 = Debug|Any CPU
		{403851FE-F8D3-46E8-8BD8-AB0DEE871F06}.Debug|x64.ActiveCfg = Debug|Any CPU
		{403851FE-F8D3-46E8-8BD8-AB0DEE871F06}.Debug|x64.Build.0 = Debug|Any CPU
		{403851FE-F8D3-46E8-8BD8-AB0DEE871F06}.Debug|x86.ActiveCfg = Debug|Any CPU
		{403851FE-F8D3-46E8-8BD8-AB0DEE871F06}.Debug|x86.Build.0 = Debug|Any CPU
		{403851FE-F8D3-46E8-8BD8-AB0DEE871F06}.Release|Any CPU.ActiveCfg = Release|Any CPU
		{403851FE-F8D3-46E8-8BD8-AB0DEE871F06}.Release|Any CPU.Build.0 = Release|Any CPU
		{403851FE-F8D3-46E8-8BD8-AB0DEE871F06}.Release|ARM.ActiveCfg = Release|Any CPU
		{403851FE-F8D3-46E8-8BD8-AB0DEE871F06}.Release|ARM.Build.0 = Release|Any CPU
		{403851FE-F8D3-46E8-8BD8-AB0DEE871F06}.Release|ARM64.ActiveCfg = Release|Any CPU
		{403851FE-F8D3-46E8-8BD8-AB0DEE871F06}.Release|ARM64.Build.0 = Release|Any CPU
		{403851FE-F8D3-46E8-8BD8-AB0DEE871F06}.Release|x64.ActiveCfg = Release|Any CPU
		{403851FE-F8D3-46E8-8BD8-AB0DEE871F06}.Release|x64.Build.0 = Release|Any CPU
		{403851FE-F8D3-46E8-8BD8-AB0DEE871F06}.Release|x86.ActiveCfg = Release|Any CPU
		{403851FE-F8D3-46E8-8BD8-AB0DEE871F06}.Release|x86.Build.0 = Release|Any CPU
	EndGlobalSection
	GlobalSection(SolutionProperties) = preSolution
		HideSolutionNode = FALSE
	EndGlobalSection
	GlobalSection(NestedProjects) = preSolution
		{FC3C0FE4-7E7F-451B-9E3B-27E7372600CE} = {92107E3C-B3F2-4EF7-9655-2578DBE2D543}
		{A8B9294C-F4E4-4B2D-B54F-AEC369CD162E} = {67A45332-6417-4E80-8D01-34D3A92FC8D8}
		{8B1AE2B7-AB5A-4E3A-B51C-86A92FED5235} = {181FE8F8-8C9A-4235-8B01-E7CC93ADBF6B}
		{324DA389-953C-4BC5-83DE-B4846C51BF29} = {67A45332-6417-4E80-8D01-34D3A92FC8D8}
		{6F93CD78-3C9E-414B-A2AC-416BAEEC4A7E} = {3E5E4665-DB61-49B5-8C75-623767DDF76F}
		{70DD6ED0-30E4-4671-A3E5-C5E32145FA9B} = {3E5E4665-DB61-49B5-8C75-623767DDF76F}
		{D0809246-A392-485F-8CFA-E94A381C28E2} = {181FE8F8-8C9A-4235-8B01-E7CC93ADBF6B}
		{403851FE-F8D3-46E8-8BD8-AB0DEE871F06} = {181FE8F8-8C9A-4235-8B01-E7CC93ADBF6B}
	EndGlobalSection
	GlobalSection(ExtensibilityGlobals) = postSolution
		SolutionGuid = {E5938410-3649-40F7-ADD5-626CD964B168}
	EndGlobalSection
EndGlobal
